// !$*UTF8*$!
{
	archiveVersion = 1;
	classes = {
	};
	objectVersion = 50;
	objects = {

/* Begin PBXBuildFile section */
		18B61A9924B60F4800B64D9E /* AppDelegate.swift in Sources */ = {isa = PBXBuildFile; fileRef = 18B61A9824B60F4800B64D9E /* AppDelegate.swift */; };
		18B61A9B24B60F4800B64D9E /* SceneDelegate.swift in Sources */ = {isa = PBXBuildFile; fileRef = 18B61A9A24B60F4800B64D9E /* SceneDelegate.swift */; };
		18B61A9D24B60F4800B64D9E /* ViewController.swift in Sources */ = {isa = PBXBuildFile; fileRef = 18B61A9C24B60F4800B64D9E /* ViewController.swift */; };
		18B61AA024B60F4800B64D9E /* Main.storyboard in Resources */ = {isa = PBXBuildFile; fileRef = 18B61A9E24B60F4800B64D9E /* Main.storyboard */; };
		18B61AA324B60F4800B64D9E /* Intro_to_xCode.xcdatamodeld in Sources */ = {isa = PBXBuildFile; fileRef = 18B61AA124B60F4800B64D9E /* Intro_to_xCode.xcdatamodeld */; };
		18B61AA524B60F4900B64D9E /* Assets.xcassets in Resources */ = {isa = PBXBuildFile; fileRef = 18B61AA424B60F4900B64D9E /* Assets.xcassets */; };
		18B61AA824B60F4900B64D9E /* LaunchScreen.storyboard in Resources */ = {isa = PBXBuildFile; fileRef = 18B61AA624B60F4900B64D9E /* LaunchScreen.storyboard */; };
/* End PBXBuildFile section */

/* Begin PBXFileReference section */
		18B61A9524B60F4800B64D9E /* Intro to xCode.app */ = {isa = PBXFileReference; explicitFileType = wrapper.application; includeInIndex = 0; path = "Intro to xCode.app"; sourceTree = BUILT_PRODUCTS_DIR; };
		18B61A9824B60F4800B64D9E /* AppDelegate.swift */ = {isa = PBXFileReference; lastKnownFileType = sourcecode.swift; path = AppDelegate.swift; sourceTree = "<group>"; };
		18B61A9A24B60F4800B64D9E /* SceneDelegate.swift */ = {isa = PBXFileReference; lastKnownFileType = sourcecode.swift; path = SceneDelegate.swift; sourceTree = "<group>"; };
		18B61A9C24B60F4800B64D9E /* ViewController.swift */ = {isa = PBXFileReference; lastKnownFileType = sourcecode.swift; path = ViewController.swift; sourceTree = "<group>"; };
		18B61A9F24B60F4800B64D9E /* Base */ = {isa = PBXFileReference; lastKnownFileType = file.storyboard; name = Base; path = Base.lproj/Main.storyboard; sourceTree = "<group>"; };
		18B61AA224B60F4800B64D9E /* Intro_to_xCode.xcdatamodel */ = {isa = PBXFileReference; lastKnownFileType = wrapper.xcdatamodel; path = Intro_to_xCode.xcdatamodel; sourceTree = "<group>"; };
		18B61AA424B60F4900B64D9E /* Assets.xcassets */ = {isa = PBXFileReference; lastKnownFileType = folder.assetcatalog; path = Assets.xcassets; sourceTree = "<group>"; };
		18B61AA724B60F4900B64D9E /* Base */ = {isa = PBXFileReference; lastKnownFileType = file.storyboard; name = Base; path = Base.lproj/LaunchScreen.storyboard; sourceTree = "<group>"; };
		18B61AA924B60F4900B64D9E /* Info.plist */ = {isa = PBXFileReference; lastKnownFileType = text.plist.xml; path = Info.plist; sourceTree = "<group>"; };
/* End PBXFileReference section */

/* Begin PBXFrameworksBuildPhase section */
		18B61A9224B60F4800B64D9E /* Frameworks */ = {
			isa = PBXFrameworksBuildPhase;
			buildActionMask = 2147483647;
			files = (
			);
			runOnlyForDeploymentPostprocessing = 0;
		};
/* End PBXFrameworksBuildPhase section */

/* Begin PBXGroup section */
		18B61A8C24B60F4800B64D9E = {
			isa = PBXGroup;
			children = (
				18B61A9724B60F4800B64D9E /* Intro to xCode */,
				18B61A9624B60F4800B64D9E /* Products */,
			);
			sourceTree = "<group>";
		};
		18B61A9624B60F4800B64D9E /* Products */ = {
			isa = PBXGroup;
			children = (
				18B61A9524B60F4800B64D9E /* Intro to xCode.app */,
			);
			name = Products;
			sourceTree = "<group>";
		};
		18B61A9724B60F4800B64D9E /* Intro to xCode */ = {
			isa = PBXGroup;
			children = (
				18B61A9824B60F4800B64D9E /* AppDelegate.swift */,
				18B61A9A24B60F4800B64D9E /* SceneDelegate.swift */,
				18B61A9C24B60F4800B64D9E /* ViewController.swift */,
				18B61A9E24B60F4800B64D9E /* Main.storyboard */,
				18B61AA424B60F4900B64D9E /* Assets.xcassets */,
				18B61AA624B60F4900B64D9E /* LaunchScreen.storyboard */,
				18B61AA924B60F4900B64D9E /* Info.plist */,
				18B61AA124B60F4800B64D9E /* Intro_to_xCode.xcdatamodeld */,
			);
			path = "Intro to xCode";
			sourceTree = "<group>";
		};
/* End PBXGroup section */

/* Begin PBXNativeTarget section */
		18B61A9424B60F4800B64D9E /* Intro to xCode */ = {
			isa = PBXNativeTarget;
			buildConfigurationList = 18B61AAC24B60F4900B64D9E /* Build configuration list for PBXNativeTarget "Intro to xCode" */;
			buildPhases = (
				18B61A9124B60F4800B64D9E /* Sources */,
				18B61A9224B60F4800B64D9E /* Frameworks */,
				18B61A9324B60F4800B64D9E /* Resources */,
			);
			buildRules = (
			);
			dependencies = (
			);
			name = "Intro to xCode";
			productName = "Intro to xCode";
			productReference = 18B61A9524B60F4800B64D9E /* Intro to xCode.app */;
			productType = "com.apple.product-type.application";
		};
/* End PBXNativeTarget section */

/* Begin PBXProject section */
		18B61A8D24B60F4800B64D9E /* Project object */ = {
			isa = PBXProject;
			attributes = {
				LastSwiftUpdateCheck = 1150;
				LastUpgradeCheck = 1150;
				ORGANIZATIONNAME = Hannah;
				TargetAttributes = {
					18B61A9424B60F4800B64D9E = {
						CreatedOnToolsVersion = 11.5;
					};
				};
			};
			buildConfigurationList = 18B61A9024B60F4800B64D9E /* Build configuration list for PBXProject "Intro to xCode" */;
			compatibilityVersion = "Xcode 9.3";
			developmentRegion = en;
			hasScannedForEncodings = 0;
			knownRegions = (
				en,
				Base,
			);
			mainGroup = 18B61A8C24B60F4800B64D9E;
			productRefGroup = 18B61A9624B60F4800B64D9E /* Products */;
			projectDirPath = "";
			projectRoot = "";
			targets = (
				18B61A9424B60F4800B64D9E /* Intro to xCode */,
			);
		};
/* End PBXProject section */

/* Begin PBXResourcesBuildPhase section */
		18B61A9324B60F4800B64D9E /* Resources */ = {
			isa = PBXResourcesBuildPhase;
			buildActionMask = 2147483647;
			files = (
				18B61AA824B60F4900B64D9E /* LaunchScreen.storyboard in Resources */,
				18B61AA524B60F4900B64D9E /* Assets.xcassets in Resources */,
				18B61AA024B60F4800B64D9E /* Main.storyboard in Resources */,
			);
			runOnlyForDeploymentPostprocessing = 0;
		};
/* End PBXResourcesBuildPhase section */

/* Begin PBXSourcesBuildPhase section */
		18B61A9124B60F4800B64D9E /* Sources */ = {
			isa = PBXSourcesBuildPhase;
			buildActionMask = 2147483647;
			files = (
				18B61A9D24B60F4800B64D9E /* ViewController.swift in Sources */,
				18B61A9924B60F4800B64D9E /* AppDelegate.swift in Sources */,
				18B61A9B24B60F4800B64D9E /* SceneDelegate.swift in Sources */,
				18B61AA324B60F4800B64D9E /* Intro_to_xCode.xcdatamodeld in Sources */,
			);
			runOnlyForDeploymentPostprocessing = 0;
		};
/* End PBXSourcesBuildPhase section */

/* Begin PBXVariantGroup section */
		18B61A9E24B60F4800B64D9E /* Main.storyboard */ = {
			isa = PBXVariantGroup;
			children = (
				18B61A9F24B60F4800B64D9E /* Base */,
			);
			name = Main.storyboard;
			sourceTree = "<group>";
		};
		18B61AA624B60F4900B64D9E /* LaunchScreen.storyboard */ = {
			isa = PBXVariantGroup;
			children = (
				18B61AA724B60F4900B64D9E /* Base */,
			);
			name = LaunchScreen.storyboard;
			sourceTree = "<group>";
		};
/* End PBXVariantGroup section */

/* Begin XCBuildConfiguration section */
		18B61AAA24B60F4900B64D9E /* Debug */ = {
			isa = XCBuildConfiguration;
			buildSettings = {
				ALWAYS_SEARCH_USER_PATHS = NO;
				CLANG_ANALYZER_NONNULL = YES;
				CLANG_ANALYZER_NUMBER_OBJECT_CONVERSION = YES_AGGRESSIVE;
				CLANG_CXX_LANGUAGE_STANDARD = "gnu++14";
				CLANG_CXX_LIBRARY = "libc++";
				CLANG_ENABLE_MODULES = YES;
				CLANG_ENABLE_OBJC_ARC = YES;
				CLANG_ENABLE_OBJC_WEAK = YES;
				CLANG_WARN_BLOCK_CAPTURE_AUTORELEASING = YES;
				CLANG_WARN_BOOL_CONVERSION = YES;
				CLANG_WARN_COMMA = YES;
				CLANG_WARN_CONSTANT_CONVERSION = YES;
				CLANG_WARN_DEPRECATED_OBJC_IMPLEMENTATIONS = YES;
				CLANG_WARN_DIRECT_OBJC_ISA_USAGE = YES_ERROR;
				CLANG_WARN_DOCUMENTATION_COMMENTS = YES;
				CLANG_WARN_EMPTY_BODY = YES;
				CLANG_WARN_ENUM_CONVERSION = YES;
				CLANG_WARN_INFINITE_RECURSION = YES;
				CLANG_WARN_INT_CONVERSION = YES;
				CLANG_WARN_NON_LITERAL_NULL_CONVERSION = YES;
				CLANG_WARN_OBJC_IMPLICIT_RETAIN_SELF = YES;
				CLANG_WARN_OBJC_LITERAL_CONVERSION = YES;
				CLANG_WARN_OBJC_ROOT_CLASS = YES_ERROR;
				CLANG_WARN_RANGE_LOOP_ANALYSIS = YES;
				CLANG_WARN_STRICT_PROTOTYPES = YES;
				CLANG_WARN_SUSPICIOUS_MOVE = YES;
				CLANG_WARN_UNGUARDED_AVAILABILITY = YES_AGGRESSIVE;
				CLANG_WARN_UNREACHABLE_CODE = YES;
				CLANG_WARN__DUPLICATE_METHOD_MATCH = YES;
				COPY_PHASE_STRIP = NO;
				DEBUG_INFORMATION_FORMAT = dwarf;
				ENABLE_STRICT_OBJC_MSGSEND = YES;
				ENABLE_TESTABILITY = YES;
				GCC_C_LANGUAGE_STANDARD = gnu11;
				GCC_DYNAMIC_NO_PIC = NO;
				GCC_NO_COMMON_BLOCKS = YES;
				GCC_OPTIMIZATION_LEVEL = 0;
				GCC_PREPROCESSOR_DEFINITIONS = (
					"DEBUG=1",
					"$(inherited)",
				);
				GCC_WARN_64_TO_32_BIT_CONVERSION = YES;
				GCC_WARN_ABOUT_RETURN_TYPE = YES_ERROR;
				GCC_WARN_UNDECLARED_SELECTOR = YES;
				GCC_WARN_UNINITIALIZED_AUTOS = YES_AGGRESSIVE;
				GCC_WARN_UNUSED_FUNCTION = YES;
				GCC_WARN_UNUSED_VARIABLE = YES;
				IPHONEOS_DEPLOYMENT_TARGET = 13.5;
				MTL_ENABLE_DEBUG_INFO = INCLUDE_SOURCE;
				MTL_FAST_MATH = YES;
				ONLY_ACTIVE_ARCH = YES;
				SDKROOT = iphoneos;
				SWIFT_ACTIVE_COMPILATION_CONDITIONS = DEBUG;
				SWIFT_OPTIMIZATION_LEVEL = "-Onone";
			};
			name = Debug;
		};
		18B61AAB24B60F4900B64D9E /* Release */ = {
			isa = XCBuildConfiguration;
			buildSettings = {
				ALWAYS_SEARCH_USER_PATHS = NO;
				CLANG_ANALYZER_NONNULL = YES;
				CLANG_ANALYZER_NUMBER_OBJECT_CONVERSION = YES_AGGRESSIVE;
				CLANG_CXX_LANGUAGE_STANDARD = "gnu++14";
				CLANG_CXX_LIBRARY = "libc++";
				CLANG_ENABLE_MODULES = YES;
				CLANG_ENABLE_OBJC_ARC = YES;
				CLANG_ENABLE_OBJC_WEAK = YES;
				CLANG_WARN_BLOCK_CAPTURE_AUTORELEASING = YES;
				CLANG_WARN_BOOL_CONVERSION = YES;
				CLANG_WARN_COMMA = YES;
				CLANG_WARN_CONSTANT_CONVERSION = YES;
				CLANG_WARN_DEPRECATED_OBJC_IMPLEMENTATIONS = YES;
				CLANG_WARN_DIRECT_OBJC_ISA_USAGE = YES_ERROR;
				CLANG_WARN_DOCUMENTATION_COMMENTS = YES;
				CLANG_WARN_EMPTY_BODY = YES;
				CLANG_WARN_ENUM_CONVERSION = YES;
				CLANG_WARN_INFINITE_RECURSION = YES;
				CLANG_WARN_INT_CONVERSION = YES;
				CLANG_WARN_NON_LITERAL_NULL_CONVERSION = YES;
				CLANG_WARN_OBJC_IMPLICIT_RETAIN_SELF = YES;
				CLANG_WARN_OBJC_LITERAL_CONVERSION = YES;
				CLANG_WARN_OBJC_ROOT_CLASS = YES_ERROR;
				CLANG_WARN_RANGE_LOOP_ANALYSIS = YES;
				CLANG_WARN_STRICT_PROTOTYPES = YES;
				CLANG_WARN_SUSPICIOUS_MOVE = YES;
				CLANG_WARN_UNGUARDED_AVAILABILITY = YES_AGGRESSIVE;
				CLANG_WARN_UNREACHABLE_CODE = YES;
				CLANG_WARN__DUPLICATE_METHOD_MATCH = YES;
				COPY_PHASE_STRIP = NO;
				DEBUG_INFORMATION_FORMAT = "dwarf-with-dsym";
				ENABLE_NS_ASSERTIONS = NO;
				ENABLE_STRICT_OBJC_MSGSEND = YES;
				GCC_C_LANGUAGE_STANDARD = gnu11;
				GCC_NO_COMMON_BLOCKS = YES;
				GCC_WARN_64_TO_32_BIT_CONVERSION = YES;
				GCC_WARN_ABOUT_RETURN_TYPE = YES_ERROR;
				GCC_WARN_UNDECLARED_SELECTOR = YES;
				GCC_WARN_UNINITIALIZED_AUTOS = YES_AGGRESSIVE;
				GCC_WARN_UNUSED_FUNCTION = YES;
				GCC_WARN_UNUSED_VARIABLE = YES;
				IPHONEOS_DEPLOYMENT_TARGET = 13.5;
				MTL_ENABLE_DEBUG_INFO = NO;
				MTL_FAST_MATH = YES;
				SDKROOT = iphoneos;
				SWIFT_COMPILATION_MODE = wholemodule;
				SWIFT_OPTIMIZATION_LEVEL = "-O";
				VALIDATE_PRODUCT = YES;
			};
			name = Release;
		};
		18B61AAD24B60F4900B64D9E /* Debug */ = {
			isa = XCBuildConfiguration;
			buildSettings = {
				ASSETCATALOG_COMPILER_APPICON_NAME = AppIcon;
				CODE_SIGN_STYLE = Automatic;
				INFOPLIST_FILE = "Intro to xCode/Info.plist";
				LD_RUNPATH_SEARCH_PATHS = (
					"$(inherited)",
					"@executable_path/Frameworks",
				);
				PRODUCT_BUNDLE_IDENTIFIER = "KWK.Intro-to-xCode";
				PRODUCT_NAME = "$(TARGET_NAME)";
				SWIFT_VERSION = 5.0;
				TARGETED_DEVICE_FAMILY = "1,2";
			};
			name = Debug;
		};
		18B61AAE24B60F4900B64D9E /* Release */ = {
			isa = XCBuildConfiguration;
			buildSettings = {
				ASSETCATALOG_COMPILER_APPICON_NAME = AppIcon;
				CODE_SIGN_STYLE = Automatic;
				INFOPLIST_FILE = "Intro to xCode/Info.plist";
				LD_RUNPATH_SEARCH_PATHS = (
					"$(inherited)",
					"@executable_path/Frameworks",
				);
				PRODUCT_BUNDLE_IDENTIFIER = "KWK.Intro-to-xCode";
				PRODUCT_NAME = "$(TARGET_NAME)";
				SWIFT_VERSION = 5.0;
				TARGETED_DEVICE_FAMILY = "1,2";
			};
			name = Release;
		};
/* End XCBuildConfiguration section */

/* Begin XCConfigurationList section */
		18B61A9024B60F4800B64D9E /* Build configuration list for PBXProject "Intro to xCode" */ = {
			isa = XCConfigurationList;
			buildConfigurations = (
				18B61AAA24B60F4900B64D9E /* Debug */,
				18B61AAB24B60F4900B64D9E /* Release */,
			);
			defaultConfigurationIsVisible = 0;
			defaultConfigurationName = Release;
		};
		18B61AAC24B60F4900B64D9E /* Build configuration list for PBXNativeTarget "Intro to xCode" */ = {
			isa = XCConfigurationList;
			buildConfigurations = (
				18B61AAD24B60F4900B64D9E /* Debug */,
				18B61AAE24B60F4900B64D9E /* Release */,
			);
			defaultConfigurationIsVisible = 0;
			defaultConfigurationName = Release;
		};
/* End XCConfigurationList section */

/* Begin XCVersionGroup section */
		18B61AA124B60F4800B64D9E /* Intro_to_xCode.xcdatamodeld */ = {
			isa = XCVersionGroup;
			children = (
				18B61AA224B60F4800B64D9E /* Intro_to_xCode.xcdatamodel */,
			);
			currentVersion = 18B61AA224B60F4800B64D9E /* Intro_to_xCode.xcdatamodel */;
			path = Intro_to_xCode.xcdatamodeld;
			sourceTree = "<group>";
			versionGroupType = wrapper.xcdatamodel;
		};
/* End XCVersionGroup section */
	};
	rootObject = 18B61A8D24B60F4800B64D9E /* Project object */;
}
