// !$*UTF8*$!
{
	archiveVersion = 1;
	classes = {
	};
	objectVersion = 50;
	objects = {

/* Begin PBXBuildFile section */
		1852882424B7755300B0811A /* AppDelegate.swift in Sources */ = {isa = PBXBuildFile; fileRef = 1852882324B7755300B0811A /* AppDelegate.swift */; };
		1852882624B7755300B0811A /* SceneDelegate.swift in Sources */ = {isa = PBXBuildFile; fileRef = 1852882524B7755300B0811A /* SceneDelegate.swift */; };
		1852882824B7755300B0811A /* ViewController.swift in Sources */ = {isa = PBXBuildFile; fileRef = 1852882724B7755300B0811A /* ViewController.swift */; };
		1852882B24B7755300B0811A /* Main.storyboard in Resources */ = {isa = PBXBuildFile; fileRef = 1852882924B7755300B0811A /* Main.storyboard */; };
		1852882E24B7755300B0811A /* Segues.xcdatamodeld in Sources */ = {isa = PBXBuildFile; fileRef = 1852882C24B7755300B0811A /* Segues.xcdatamodeld */; };
		1852883024B7755400B0811A /* Assets.xcassets in Resources */ = {isa = PBXBuildFile; fileRef = 1852882F24B7755400B0811A /* Assets.xcassets */; };
		1852883324B7755400B0811A /* LaunchScreen.storyboard in Resources */ = {isa = PBXBuildFile; fileRef = 1852883124B7755400B0811A /* LaunchScreen.storyboard */; };
/* End PBXBuildFile section */

/* Begin PBXFileReference section */
		1852882024B7755300B0811A /* Segues.app */ = {isa = PBXFileReference; explicitFileType = wrapper.application; includeInIndex = 0; path = Segues.app; sourceTree = BUILT_PRODUCTS_DIR; };
		1852882324B7755300B0811A /* AppDelegate.swift */ = {isa = PBXFileReference; lastKnownFileType = sourcecode.swift; path = AppDelegate.swift; sourceTree = "<group>"; };
		1852882524B7755300B0811A /* SceneDelegate.swift */ = {isa = PBXFileReference; lastKnownFileType = sourcecode.swift; path = SceneDelegate.swift; sourceTree = "<group>"; };
		1852882724B7755300B0811A /* ViewController.swift */ = {isa = PBXFileReference; lastKnownFileType = sourcecode.swift; path = ViewController.swift; sourceTree = "<group>"; };
		1852882A24B7755300B0811A /* Base */ = {isa = PBXFileReference; lastKnownFileType = file.storyboard; name = Base; path = Base.lproj/Main.storyboard; sourceTree = "<group>"; };
		1852882D24B7755300B0811A /* Segues.xcdatamodel */ = {isa = PBXFileReference; lastKnownFileType = wrapper.xcdatamodel; path = Segues.xcdatamodel; sourceTree = "<group>"; };
		1852882F24B7755400B0811A /* Assets.xcassets */ = {isa = PBXFileReference; lastKnownFileType = folder.assetcatalog; path = Assets.xcassets; sourceTree = "<group>"; };
		1852883224B7755400B0811A /* Base */ = {isa = PBXFileReference; lastKnownFileType = file.storyboard; name = Base; path = Base.lproj/LaunchScreen.storyboard; sourceTree = "<group>"; };
		1852883424B7755400B0811A /* Info.plist */ = {isa = PBXFileReference; lastKnownFileType = text.plist.xml; path = Info.plist; sourceTree = "<group>"; };
/* End PBXFileReference section */

/* Begin PBXFrameworksBuildPhase section */
		1852881D24B7755300B0811A /* Frameworks */ = {
			isa = PBXFrameworksBuildPhase;
			buildActionMask = 2147483647;
			files = (
			);
			runOnlyForDeploymentPostprocessing = 0;
		};
/* End PBXFrameworksBuildPhase section */

/* Begin PBXGroup section */
		1852881724B7755300B0811A = {
			isa = PBXGroup;
			children = (
				1852882224B7755300B0811A /* Segues */,
				1852882124B7755300B0811A /* Products */,
			);
			sourceTree = "<group>";
		};
		1852882124B7755300B0811A /* Products */ = {
			isa = PBXGroup;
			children = (
				1852882024B7755300B0811A /* Segues.app */,
			);
			name = Products;
			sourceTree = "<group>";
		};
		1852882224B7755300B0811A /* Segues */ = {
			isa = PBXGroup;
			children = (
				1852882324B7755300B0811A /* AppDelegate.swift */,
				1852882524B7755300B0811A /* SceneDelegate.swift */,
				1852882724B7755300B0811A /* ViewController.swift */,
				1852882924B7755300B0811A /* Main.storyboard */,
				1852882F24B7755400B0811A /* Assets.xcassets */,
				1852883124B7755400B0811A /* LaunchScreen.storyboard */,
				1852883424B7755400B0811A /* Info.plist */,
				1852882C24B7755300B0811A /* Segues.xcdatamodeld */,
			);
			path = Segues;
			sourceTree = "<group>";
		};
/* End PBXGroup section */

/* Begin PBXNativeTarget section */
		1852881F24B7755300B0811A /* Segues */ = {
			isa = PBXNativeTarget;
			buildConfigurationList = 1852883724B7755400B0811A /* Build configuration list for PBXNativeTarget "Segues" */;
			buildPhases = (
				1852881C24B7755300B0811A /* Sources */,
				1852881D24B7755300B0811A /* Frameworks */,
				1852881E24B7755300B0811A /* Resources */,
			);
			buildRules = (
			);
			dependencies = (
			);
			name = Segues;
			productName = Segues;
			productReference = 1852882024B7755300B0811A /* Segues.app */;
			productType = "com.apple.product-type.application";
		};
/* End PBXNativeTarget section */

/* Begin PBXProject section */
		1852881824B7755300B0811A /* Project object */ = {
			isa = PBXProject;
			attributes = {
				LastSwiftUpdateCheck = 1150;
				LastUpgradeCheck = 1150;
				ORGANIZATIONNAME = Hannah;
				TargetAttributes = {
					1852881F24B7755300B0811A = {
						CreatedOnToolsVersion = 11.5;
					};
				};
			};
			buildConfigurationList = 1852881B24B7755300B0811A /* Build configuration list for PBXProject "Segues" */;
			compatibilityVersion = "Xcode 9.3";
			developmentRegion = en;
			hasScannedForEncodings = 0;
			knownRegions = (
				en,
				Base,
			);
			mainGroup = 1852881724B7755300B0811A;
			productRefGroup = 1852882124B7755300B0811A /* Products */;
			projectDirPath = "";
			projectRoot = "";
			targets = (
				1852881F24B7755300B0811A /* Segues */,
			);
		};
/* End PBXProject section */

/* Begin PBXResourcesBuildPhase section */
		1852881E24B7755300B0811A /* Resources */ = {
			isa = PBXResourcesBuildPhase;
			buildActionMask = 2147483647;
			files = (
				1852883324B7755400B0811A /* LaunchScreen.storyboard in Resources */,
				1852883024B7755400B0811A /* Assets.xcassets in Resources */,
				1852882B24B7755300B0811A /* Main.storyboard in Resources */,
			);
			runOnlyForDeploymentPostprocessing = 0;
		};
/* End PBXResourcesBuildPhase section */

/* Begin PBXSourcesBuildPhase section */
		1852881C24B7755300B0811A /* Sources */ = {
			isa = PBXSourcesBuildPhase;
			buildActionMask = 2147483647;
			files = (
				1852882824B7755300B0811A /* ViewController.swift in Sources */,
				1852882424B7755300B0811A /* AppDelegate.swift in Sources */,
				1852882624B7755300B0811A /* SceneDelegate.swift in Sources */,
				1852882E24B7755300B0811A /* Segues.xcdatamodeld in Sources */,
			);
			runOnlyForDeploymentPostprocessing = 0;
		};
/* End PBXSourcesBuildPhase section */

/* Begin PBXVariantGroup section */
		1852882924B7755300B0811A /* Main.storyboard */ = {
			isa = PBXVariantGroup;
			children = (
				1852882A24B7755300B0811A /* Base */,
			);
			name = Main.storyboard;
			sourceTree = "<group>";
		};
		1852883124B7755400B0811A /* LaunchScreen.storyboard */ = {
			isa = PBXVariantGroup;
			children = (
				1852883224B7755400B0811A /* Base */,
			);
			name = LaunchScreen.storyboard;
			sourceTree = "<group>";
		};
/* End PBXVariantGroup section */

/* Begin XCBuildConfiguration section */
		1852883524B7755400B0811A /* Debug */ = {
			isa = XCBuildConfiguration;
			buildSettings = {
				ALWAYS_SEARCH_USER_PATHS = NO;
				CLANG_ANALYZER_NONNULL = YES;
				CLANG_ANALYZER_NUMBER_OBJECT_CONVERSION = YES_AGGRESSIVE;
				CLANG_CXX_LANGUAGE_STANDARD = "gnu++14";
				CLANG_CXX_LIBRARY = "libc++";
				CLANG_ENABLE_MODULES = YES;
				CLANG_ENABLE_OBJC_ARC = YES;
				CLANG_ENABLE_OBJC_WEAK = YES;
				CLANG_WARN_BLOCK_CAPTURE_AUTORELEASING = YES;
				CLANG_WARN_BOOL_CONVERSION = YES;
				CLANG_WARN_COMMA = YES;
				CLANG_WARN_CONSTANT_CONVERSION = YES;
				CLANG_WARN_DEPRECATED_OBJC_IMPLEMENTATIONS = YES;
				CLANG_WARN_DIRECT_OBJC_ISA_USAGE = YES_ERROR;
				CLANG_WARN_DOCUMENTATION_COMMENTS = YES;
				CLANG_WARN_EMPTY_BODY = YES;
				CLANG_WARN_ENUM_CONVERSION = YES;
				CLANG_WARN_INFINITE_RECURSION = YES;
				CLANG_WARN_INT_CONVERSION = YES;
				CLANG_WARN_NON_LITERAL_NULL_CONVERSION = YES;
				CLANG_WARN_OBJC_IMPLICIT_RETAIN_SELF = YES;
				CLANG_WARN_OBJC_LITERAL_CONVERSION = YES;
				CLANG_WARN_OBJC_ROOT_CLASS = YES_ERROR;
				CLANG_WARN_RANGE_LOOP_ANALYSIS = YES;
				CLANG_WARN_STRICT_PROTOTYPES = YES;
				CLANG_WARN_SUSPICIOUS_MOVE = YES;
				CLANG_WARN_UNGUARDED_AVAILABILITY = YES_AGGRESSIVE;
				CLANG_WARN_UNREACHABLE_CODE = YES;
				CLANG_WARN__DUPLICATE_METHOD_MATCH = YES;
				COPY_PHASE_STRIP = NO;
				DEBUG_INFORMATION_FORMAT = dwarf;
				ENABLE_STRICT_OBJC_MSGSEND = YES;
				ENABLE_TESTABILITY = YES;
				GCC_C_LANGUAGE_STANDARD = gnu11;
				GCC_DYNAMIC_NO_PIC = NO;
				GCC_NO_COMMON_BLOCKS = YES;
				GCC_OPTIMIZATION_LEVEL = 0;
				GCC_PREPROCESSOR_DEFINITIONS = (
					"DEBUG=1",
					"$(inherited)",
				);
				GCC_WARN_64_TO_32_BIT_CONVERSION = YES;
				GCC_WARN_ABOUT_RETURN_TYPE = YES_ERROR;
				GCC_WARN_UNDECLARED_SELECTOR = YES;
				GCC_WARN_UNINITIALIZED_AUTOS = YES_AGGRESSIVE;
				GCC_WARN_UNUSED_FUNCTION = YES;
				GCC_WARN_UNUSED_VARIABLE = YES;
				IPHONEOS_DEPLOYMENT_TARGET = 13.5;
				MTL_ENABLE_DEBUG_INFO = INCLUDE_SOURCE;
				MTL_FAST_MATH = YES;
				ONLY_ACTIVE_ARCH = YES;
				SDKROOT = iphoneos;
				SWIFT_ACTIVE_COMPILATION_CONDITIONS = DEBUG;
				SWIFT_OPTIMIZATION_LEVEL = "-Onone";
			};
			name = Debug;
		};
		1852883624B7755400B0811A /* Release */ = {
			isa = XCBuildConfiguration;
			buildSettings = {
				ALWAYS_SEARCH_USER_PATHS = NO;
				CLANG_ANALYZER_NONNULL = YES;
				CLANG_ANALYZER_NUMBER_OBJECT_CONVERSION = YES_AGGRESSIVE;
				CLANG_CXX_LANGUAGE_STANDARD = "gnu++14";
				CLANG_CXX_LIBRARY = "libc++";
				CLANG_ENABLE_MODULES = YES;
				CLANG_ENABLE_OBJC_ARC = YES;
				CLANG_ENABLE_OBJC_WEAK = YES;
				CLANG_WARN_BLOCK_CAPTURE_AUTORELEASING = YES;
				CLANG_WARN_BOOL_CONVERSION = YES;
				CLANG_WARN_COMMA = YES;
				CLANG_WARN_CONSTANT_CONVERSION = YES;
				CLANG_WARN_DEPRECATED_OBJC_IMPLEMENTATIONS = YES;
				CLANG_WARN_DIRECT_OBJC_ISA_USAGE = YES_ERROR;
				CLANG_WARN_DOCUMENTATION_COMMENTS = YES;
				CLANG_WARN_EMPTY_BODY = YES;
				CLANG_WARN_ENUM_CONVERSION = YES;
				CLANG_WARN_INFINITE_RECURSION = YES;
				CLANG_WARN_INT_CONVERSION = YES;
				CLANG_WARN_NON_LITERAL_NULL_CONVERSION = YES;
				CLANG_WARN_OBJC_IMPLICIT_RETAIN_SELF = YES;
				CLANG_WARN_OBJC_LITERAL_CONVERSION = YES;
				CLANG_WARN_OBJC_ROOT_CLASS = YES_ERROR;
				CLANG_WARN_RANGE_LOOP_ANALYSIS = YES;
				CLANG_WARN_STRICT_PROTOTYPES = YES;
				CLANG_WARN_SUSPICIOUS_MOVE = YES;
				CLANG_WARN_UNGUARDED_AVAILABILITY = YES_AGGRESSIVE;
				CLANG_WARN_UNREACHABLE_CODE = YES;
				CLANG_WARN__DUPLICATE_METHOD_MATCH = YES;
				COPY_PHASE_STRIP = NO;
				DEBUG_INFORMATION_FORMAT = "dwarf-with-dsym";
				ENABLE_NS_ASSERTIONS = NO;
				ENABLE_STRICT_OBJC_MSGSEND = YES;
				GCC_C_LANGUAGE_STANDARD = gnu11;
				GCC_NO_COMMON_BLOCKS = YES;
				GCC_WARN_64_TO_32_BIT_CONVERSION = YES;
				GCC_WARN_ABOUT_RETURN_TYPE = YES_ERROR;
				GCC_WARN_UNDECLARED_SELECTOR = YES;
				GCC_WARN_UNINITIALIZED_AUTOS = YES_AGGRESSIVE;
				GCC_WARN_UNUSED_FUNCTION = YES;
				GCC_WARN_UNUSED_VARIABLE = YES;
				IPHONEOS_DEPLOYMENT_TARGET = 13.5;
				MTL_ENABLE_DEBUG_INFO = NO;
				MTL_FAST_MATH = YES;
				SDKROOT = iphoneos;
				SWIFT_COMPILATION_MODE = wholemodule;
				SWIFT_OPTIMIZATION_LEVEL = "-O";
				VALIDATE_PRODUCT = YES;
			};
			name = Release;
		};
		1852883824B7755400B0811A /* Debug */ = {
			isa = XCBuildConfiguration;
			buildSettings = {
				ASSETCATALOG_COMPILER_APPICON_NAME = AppIcon;
				CODE_SIGN_STYLE = Automatic;
				INFOPLIST_FILE = Segues/Info.plist;
				LD_RUNPATH_SEARCH_PATHS = (
					"$(inherited)",
					"@executable_path/Frameworks",
				);
				PRODUCT_BUNDLE_IDENTIFIER = KWK.Segues;
				PRODUCT_NAME = "$(TARGET_NAME)";
				SWIFT_VERSION = 5.0;
				TARGETED_DEVICE_FAMILY = "1,2";
			};
			name = Debug;
		};
		1852883924B7755400B0811A /* Release */ = {
			isa = XCBuildConfiguration;
			buildSettings = {
				ASSETCATALOG_COMPILER_APPICON_NAME = AppIcon;
				CODE_SIGN_STYLE = Automatic;
				INFOPLIST_FILE = Segues/Info.plist;
				LD_RUNPATH_SEARCH_PATHS = (
					"$(inherited)",
					"@executable_path/Frameworks",
				);
				PRODUCT_BUNDLE_IDENTIFIER = KWK.Segues;
				PRODUCT_NAME = "$(TARGET_NAME)";
				SWIFT_VERSION = 5.0;
				TARGETED_DEVICE_FAMILY = "1,2";
			};
			name = Release;
		};
/* End XCBuildConfiguration section */

/* Begin XCConfigurationList section */
		1852881B24B7755300B0811A /* Build configuration list for PBXProject "Segues" */ = {
			isa = XCConfigurationList;
			buildConfigurations = (
				1852883524B7755400B0811A /* Debug */,
				1852883624B7755400B0811A /* Release */,
			);
			defaultConfigurationIsVisible = 0;
			defaultConfigurationName = Release;
		};
		1852883724B7755400B0811A /* Build configuration list for PBXNativeTarget "Segues" */ = {
			isa = XCConfigurationList;
			buildConfigurations = (
				1852883824B7755400B0811A /* Debug */,
				1852883924B7755400B0811A /* Release */,
			);
			defaultConfigurationIsVisible = 0;
			defaultConfigurationName = Release;
		};
/* End XCConfigurationList section */

/* Begin XCVersionGroup section */
		1852882C24B7755300B0811A /* Segues.xcdatamodeld */ = {
			isa = XCVersionGroup;
			children = (
				1852882D24B7755300B0811A /* Segues.xcdatamodel */,
			);
			currentVersion = 1852882D24B7755300B0811A /* Segues.xcdatamodel */;
			path = Segues.xcdatamodeld;
			sourceTree = "<group>";
			versionGroupType = wrapper.xcdatamodel;
		};
/* End XCVersionGroup section */
	};
	rootObject = 1852881824B7755300B0811A /* Project object */;
}
